
Microsoft Visual Studio Solution File, Format Version 12.00
# Visual Studio Version 17
VisualStudioVersion = 17.11.35312.102
MinimumVisualStudioVersion = 10.0.40219.1
Project("{9A19103F-16F7-4668-BE54-9A1E7A4F7556}") = "ProductManagemet", "ProductManagemet.csproj", "{B979220E-6852-4477-9CCE-0F2C84A2C965}"
EndProject
Global
	GlobalSection(SolutionConfigurationPlatforms) = preSolution
		Debug|Any CPU = Debug|Any CPU
		Release|Any CPU = Release|Any CPU
	EndGlobalSection
	GlobalSection(ProjectConfigurationPlatforms) = postSolution
		{B979220E-6852-4477-9CCE-0F2C84A2C965}.Debug|Any CPU.ActiveCfg = Debug|Any CPU
		{B979220E-6852-4477-9CCE-0F2C84A2C965}.Debug|Any CPU.Build.0 = Debug|Any CPU
		{B979220E-6852-4477-9CCE-0F2C84A2C965}.Release|Any CPU.ActiveCfg = Release|Any CPU
		{B979220E-6852-4477-9CCE-0F2C84A2C965}.Release|Any CPU.Build.0 = Release|Any CPU
	EndGlobalSection
	GlobalSection(SolutionProperties) = preSolution
		HideSolutionNode = FALSE
	EndGlobalSection
	GlobalSection(ExtensibilityGlobals) = postSolution
		SolutionGuid = {D0431260-ED87-47C2-B6A0-EC0A907F7D3A}
	EndGlobalSection
EndGlobal
